
Microsoft Visual Studio Solution File, Format Version 12.00
# Visual Studio Version 17
VisualStudioVersion = 17.4.33213.308
MinimumVisualStudioVersion = 10.0.40219.1
Project("{FAE04EC0-301F-11D3-BF4B-00C04F79EFBC}") = "AppInsightsSample", "AppInsightsSample\AppInsightsSample.csproj", "{6441D3D6-82F6-462C-9E3E-C7D314DEBB75}"
EndProject
Project("{FAE04EC0-301F-11D3-BF4B-00C04F79EFBC}") = "NLogSample", "NLogSample\NLogSample.csproj", "{60E90E70-464C-492E-8BAC-2ABC20965384}"
EndProject
Global
	GlobalSection(SolutionConfigurationPlatforms) = preSolution
		Debug|Any CPU = Debug|Any CPU
		Release|Any CPU = Release|Any CPU
	EndGlobalSection
	GlobalSection(ProjectConfigurationPlatforms) = postSolution
		{6441D3D6-82F6-462C-9E3E-C7D314DEBB75}.Debug|Any CPU.ActiveCfg = Debug|Any CPU
		{6441D3D6-82F6-462C-9E3E-C7D314DEBB75}.Debug|Any CPU.Build.0 = Debug|Any CPU
		{6441D3D6-82F6-462C-9E3E-C7D314DEBB75}.Release|Any CPU.ActiveCfg = Release|Any CPU
		{6441D3D6-82F6-462C-9E3E-C7D314DEBB75}.Release|Any CPU.Build.0 = Release|Any CPU
		{60E90E70-464C-492E-8BAC-2ABC20965384}.Debug|Any CPU.ActiveCfg = Debug|Any CPU
		{60E90E70-464C-492E-8BAC-2ABC20965384}.Debug|Any CPU.Build.0 = Debug|Any CPU
		{60E90E70-464C-492E-8BAC-2ABC20965384}.Release|Any CPU.ActiveCfg = Release|Any CPU
		{60E90E70-464C-492E-8BAC-2ABC20965384}.Release|Any CPU.Build.0 = Release|Any CPU
	EndGlobalSection
	GlobalSection(SolutionProperties) = preSolution
		HideSolutionNode = FALSE
	EndGlobalSection
	GlobalSection(ExtensibilityGlobals) = postSolution
		SolutionGuid = {E1D3CB3F-EFA6-45BB-9AF7-D09A2B4C4C3E}
	EndGlobalSection
EndGlobal
